
Microsoft Visual Studio Solution File, Format Version 12.00
# Visual Studio Version 16
VisualStudioVersion = 16.0.29102.190
MinimumVisualStudioVersion = 10.0.40219.1
Project("{888888A0-9F3D-457C-B088-3A5042F75D52}") = "oos!Tool", "oos!Tool\oos!Tool.pyproj", "{806A359F-4D47-4996-BF9A-6F904F2EBD9A}"
EndProject
Global
	GlobalSection(SolutionConfigurationPlatforms) = preSolution
		Debug|Any CPU = Debug|Any CPU
		Release|Any CPU = Release|Any CPU
	EndGlobalSection
	GlobalSection(ProjectConfigurationPlatforms) = postSolution
		{806A359F-4D47-4996-BF9A-6F904F2EBD9A}.Debug|Any CPU.ActiveCfg = Debug|Any CPU
		{806A359F-4D47-4996-BF9A-6F904F2EBD9A}.Release|Any CPU.ActiveCfg = Release|Any CPU
	EndGlobalSection
	GlobalSection(SolutionProperties) = preSolution
		HideSolutionNode = FALSE
	EndGlobalSection
	GlobalSection(ExtensibilityGlobals) = postSolution
		SolutionGuid = {9CFC10F5-EEEC-496D-B7A3-0A24CAD5253D}
	EndGlobalSection
EndGlobal
